
Microsoft Visual Studio Solution File, Format Version 12.00
# Visual Studio Version 16
VisualStudioVersion = 16.0.30804.86
MinimumVisualStudioVersion = 10.0.40219.1
Project("{FAE04EC0-301F-11D3-BF4B-00C04F79EFBC}") = "ScaffoldNetCore5.0", "ScaffoldNetCore5.0\ScaffoldNetCore5.0.csproj", "{BB96D78E-B2AF-43F5-BBCE-1BBA0BA62736}"
EndProject
Project("{FAE04EC0-301F-11D3-BF4B-00C04F79EFBC}") = "ScaffoldNetCore.Core", "ScaffoldNetCore.Core\ScaffoldNetCore.Core.csproj", "{7523FCBA-04BB-45A4-B7CD-FE5BE5CEA5A5}"
EndProject
Project("{FAE04EC0-301F-11D3-BF4B-00C04F79EFBC}") = "ScaffoldNetCore.Infrastructure", "ScaffoldNetCore.Infrastructure\ScaffoldNetCore.Infrastructure.csproj", "{DD869F8E-34DF-49EC-AAEE-A615FAA46B93}"
EndProject
Global
	GlobalSection(SolutionConfigurationPlatforms) = preSolution
		Debug|Any CPU = Debug|Any CPU
		Release|Any CPU = Release|Any CPU
	EndGlobalSection
	GlobalSection(ProjectConfigurationPlatforms) = postSolution
		{BB96D78E-B2AF-43F5-BBCE-1BBA0BA62736}.Debug|Any CPU.ActiveCfg = Debug|Any CPU
		{BB96D78E-B2AF-43F5-BBCE-1BBA0BA62736}.Debug|Any CPU.Build.0 = Debug|Any CPU
		{BB96D78E-B2AF-43F5-BBCE-1BBA0BA62736}.Release|Any CPU.ActiveCfg = Release|Any CPU
		{BB96D78E-B2AF-43F5-BBCE-1BBA0BA62736}.Release|Any CPU.Build.0 = Release|Any CPU
		{7523FCBA-04BB-45A4-B7CD-FE5BE5CEA5A5}.Debug|Any CPU.ActiveCfg = Debug|Any CPU
		{7523FCBA-04BB-45A4-B7CD-FE5BE5CEA5A5}.Debug|Any CPU.Build.0 = Debug|Any CPU
		{7523FCBA-04BB-45A4-B7CD-FE5BE5CEA5A5}.Release|Any CPU.ActiveCfg = Release|Any CPU
		{7523FCBA-04BB-45A4-B7CD-FE5BE5CEA5A5}.Release|Any CPU.Build.0 = Release|Any CPU
		{DD869F8E-34DF-49EC-AAEE-A615FAA46B93}.Debug|Any CPU.ActiveCfg = Debug|Any CPU
		{DD869F8E-34DF-49EC-AAEE-A615FAA46B93}.Debug|Any CPU.Build.0 = Debug|Any CPU
		{DD869F8E-34DF-49EC-AAEE-A615FAA46B93}.Release|Any CPU.ActiveCfg = Release|Any CPU
		{DD869F8E-34DF-49EC-AAEE-A615FAA46B93}.Release|Any CPU.Build.0 = Release|Any CPU
	EndGlobalSection
	GlobalSection(SolutionProperties) = preSolution
		HideSolutionNode = FALSE
	EndGlobalSection
	GlobalSection(ExtensibilityGlobals) = postSolution
		SolutionGuid = {41D62DBC-9E1C-499E-B961-32B56D9A4C3E}
	EndGlobalSection
EndGlobal
